
Microsoft Visual Studio Solution File, Format Version 12.00
# Visual Studio Version 17
VisualStudioVersion = 17.0.31903.59
MinimumVisualStudioVersion = 10.0.40219.1
Project("{2150E333-8FDC-42A3-9474-1A3956D46DE8}") = "src", "src", "{827E0CD3-B72D-47B6-A68D-7590B98EB39B}"
EndProject
Project("{2150E333-8FDC-42A3-9474-1A3956D46DE8}") = "main", "main", "{ABAA6554-252E-13CE-1B40-0464A7DBA771}"
EndProject
Project("{FAE04EC0-301F-11D3-BF4B-00C04F79EFBC}") = "MoneyManager.Data", "src\main\MoneyManager.Data\MoneyManager.Data.csproj", "{39D41FF2-D850-45CE-96F8-F860F9D30B05}"
EndProject
Project("{FAE04EC0-301F-11D3-BF4B-00C04F79EFBC}") = "MoneyManager.Core", "src\main\MoneyManager.Core\MoneyManager.Core.csproj", "{B65B19A7-5650-4A08-8A3D-852D5701D920}"
EndProject
Project("{FAE04EC0-301F-11D3-BF4B-00C04F79EFBC}") = "MoneyManager.API", "src\main\MoneyManager.API\MoneyManager.API.csproj", "{BFE4E941-AD68-45AD-9024-A060C49C9CF5}"
EndProject
Global
	GlobalSection(SolutionConfigurationPlatforms) = preSolution
		Debug|Any CPU = Debug|Any CPU
		Debug|x64 = Debug|x64
		Debug|x86 = Debug|x86
		Release|Any CPU = Release|Any CPU
		Release|x64 = Release|x64
		Release|x86 = Release|x86
	EndGlobalSection
	GlobalSection(ProjectConfigurationPlatforms) = postSolution
		{39D41FF2-D850-45CE-96F8-F860F9D30B05}.Debug|Any CPU.ActiveCfg = Debug|Any CPU
		{39D41FF2-D850-45CE-96F8-F860F9D30B05}.Debug|Any CPU.Build.0 = Debug|Any CPU
		{39D41FF2-D850-45CE-96F8-F860F9D30B05}.Debug|x64.ActiveCfg = Debug|Any CPU
		{39D41FF2-D850-45CE-96F8-F860F9D30B05}.Debug|x64.Build.0 = Debug|Any CPU
		{39D41FF2-D850-45CE-96F8-F860F9D30B05}.Debug|x86.ActiveCfg = Debug|Any CPU
		{39D41FF2-D850-45CE-96F8-F860F9D30B05}.Debug|x86.Build.0 = Debug|Any CPU
		{39D41FF2-D850-45CE-96F8-F860F9D30B05}.Release|Any CPU.ActiveCfg = Release|Any CPU
		{39D41FF2-D850-45CE-96F8-F860F9D30B05}.Release|Any CPU.Build.0 = Release|Any CPU
		{39D41FF2-D850-45CE-96F8-F860F9D30B05}.Release|x64.ActiveCfg = Release|Any CPU
		{39D41FF2-D850-45CE-96F8-F860F9D30B05}.Release|x64.Build.0 = Release|Any CPU
		{39D41FF2-D850-45CE-96F8-F860F9D30B05}.Release|x86.ActiveCfg = Release|Any CPU
		{39D41FF2-D850-45CE-96F8-F860F9D30B05}.Release|x86.Build.0 = Release|Any CPU
		{B65B19A7-5650-4A08-8A3D-852D5701D920}.Debug|Any CPU.ActiveCfg = Debug|Any CPU
		{B65B19A7-5650-4A08-8A3D-852D5701D920}.Debug|Any CPU.Build.0 = Debug|Any CPU
		{B65B19A7-5650-4A08-8A3D-852D5701D920}.Debug|x64.ActiveCfg = Debug|Any CPU
		{B65B19A7-5650-4A08-8A3D-852D5701D920}.Debug|x64.Build.0 = Debug|Any CPU
		{B65B19A7-5650-4A08-8A3D-852D5701D920}.Debug|x86.ActiveCfg = Debug|Any CPU
		{B65B19A7-5650-4A08-8A3D-852D5701D920}.Debug|x86.Build.0 = Debug|Any CPU
		{B65B19A7-5650-4A08-8A3D-852D5701D920}.Release|Any CPU.ActiveCfg = Release|Any CPU
		{B65B19A7-5650-4A08-8A3D-852D5701D920}.Release|Any CPU.Build.0 = Release|Any CPU
		{B65B19A7-5650-4A08-8A3D-852D5701D920}.Release|x64.ActiveCfg = Release|Any CPU
		{B65B19A7-5650-4A08-8A3D-852D5701D920}.Release|x64.Build.0 = Release|Any CPU
		{B65B19A7-5650-4A08-8A3D-852D5701D920}.Release|x86.ActiveCfg = Release|Any CPU
		{B65B19A7-5650-4A08-8A3D-852D5701D920}.Release|x86.Build.0 = Release|Any CPU
		{BFE4E941-AD68-45AD-9024-A060C49C9CF5}.Debug|Any CPU.ActiveCfg = Debug|Any CPU
		{BFE4E941-AD68-45AD-9024-A060C49C9CF5}.Debug|Any CPU.Build.0 = Debug|Any CPU
		{BFE4E941-AD68-45AD-9024-A060C49C9CF5}.Debug|x64.ActiveCfg = Debug|Any CPU
		{BFE4E941-AD68-45AD-9024-A060C49C9CF5}.Debug|x64.Build.0 = Debug|Any CPU
		{BFE4E941-AD68-45AD-9024-A060C49C9CF5}.Debug|x86.ActiveCfg = Debug|Any CPU
		{BFE4E941-AD68-45AD-9024-A060C49C9CF5}.Debug|x86.Build.0 = Debug|Any CPU
		{BFE4E941-AD68-45AD-9024-A060C49C9CF5}.Release|Any CPU.ActiveCfg = Release|Any CPU
		{BFE4E941-AD68-45AD-9024-A060C49C9CF5}.Release|Any CPU.Build.0 = Release|Any CPU
		{BFE4E941-AD68-45AD-9024-A060C49C9CF5}.Release|x64.ActiveCfg = Release|Any CPU
		{BFE4E941-AD68-45AD-9024-A060C49C9CF5}.Release|x64.Build.0 = Release|Any CPU
		{BFE4E941-AD68-45AD-9024-A060C49C9CF5}.Release|x86.ActiveCfg = Release|Any CPU
		{BFE4E941-AD68-45AD-9024-A060C49C9CF5}.Release|x86.Build.0 = Release|Any CPU
	EndGlobalSection
	GlobalSection(SolutionProperties) = preSolution
		HideSolutionNode = FALSE
	EndGlobalSection
	GlobalSection(NestedProjects) = preSolution
		{ABAA6554-252E-13CE-1B40-0464A7DBA771} = {827E0CD3-B72D-47B6-A68D-7590B98EB39B}
		{39D41FF2-D850-45CE-96F8-F860F9D30B05} = {ABAA6554-252E-13CE-1B40-0464A7DBA771}
		{B65B19A7-5650-4A08-8A3D-852D5701D920} = {ABAA6554-252E-13CE-1B40-0464A7DBA771}
		{BFE4E941-AD68-45AD-9024-A060C49C9CF5} = {ABAA6554-252E-13CE-1B40-0464A7DBA771}
	EndGlobalSection
EndGlobal
